
Microsoft Visual Studio Solution File, Format Version 12.00
# Visual Studio Version 16
VisualStudioVersion = 16.0.31424.327
MinimumVisualStudioVersion = 10.0.40219.1
Project("{FAE04EC0-301F-11D3-BF4B-00C04F79EFBC}") = "Arrays", "Arrays\Arrays.csproj", "{15C3506B-60A6-4EB4-933B-85F714E32037}"
EndProject
Global
	GlobalSection(SolutionConfigurationPlatforms) = preSolution
		Debug|Any CPU = Debug|Any CPU
		Release|Any CPU = Release|Any CPU
	EndGlobalSection
	GlobalSection(ProjectConfigurationPlatforms) = postSolution
		{15C3506B-60A6-4EB4-933B-85F714E32037}.Debug|Any CPU.ActiveCfg = Debug|Any CPU
		{15C3506B-60A6-4EB4-933B-85F714E32037}.Debug|Any CPU.Build.0 = Debug|Any CPU
		{15C3506B-60A6-4EB4-933B-85F714E32037}.Release|Any CPU.ActiveCfg = Release|Any CPU
		{15C3506B-60A6-4EB4-933B-85F714E32037}.Release|Any CPU.Build.0 = Release|Any CPU
	EndGlobalSection
	GlobalSection(SolutionProperties) = preSolution
		HideSolutionNode = FALSE
	EndGlobalSection
	GlobalSection(ExtensibilityGlobals) = postSolution
		SolutionGuid = {0A539E79-9FB9-4E67-8C6B-72502F0D6FD6}
	EndGlobalSection
EndGlobal
